
Microsoft Visual Studio Solution File, Format Version 12.00
# Visual Studio Version 16
VisualStudioVersion = 16.0.29613.14
MinimumVisualStudioVersion = 10.0.40219.1
Project("{FAE04EC0-301F-11D3-BF4B-00C04F79EFBC}") = "BE", "BE.csproj", "{5D21E94F-7491-46DA-9301-ED289C97B996}"
EndProject
Global
	GlobalSection(SolutionConfigurationPlatforms) = preSolution
		Debug|Any CPU = Debug|Any CPU
		Release|Any CPU = Release|Any CPU
	EndGlobalSection
	GlobalSection(ProjectConfigurationPlatforms) = postSolution
		{5D21E94F-7491-46DA-9301-ED289C97B996}.Debug|Any CPU.ActiveCfg = Debug|Any CPU
		{5D21E94F-7491-46DA-9301-ED289C97B996}.Debug|Any CPU.Build.0 = Debug|Any CPU
		{5D21E94F-7491-46DA-9301-ED289C97B996}.Release|Any CPU.ActiveCfg = Release|Any CPU
		{5D21E94F-7491-46DA-9301-ED289C97B996}.Release|Any CPU.Build.0 = Release|Any CPU
	EndGlobalSection
	GlobalSection(SolutionProperties) = preSolution
		HideSolutionNode = FALSE
	EndGlobalSection
	GlobalSection(ExtensibilityGlobals) = postSolution
		SolutionGuid = {65A4E93E-A871-403A-B658-5FA84886138F}
	EndGlobalSection
EndGlobal
